
Microsoft Visual Studio Solution File, Format Version 12.00
# Visual Studio 14
VisualStudioVersion = 14.0.25123.0
MinimumVisualStudioVersion = 10.0.40219.1
Project("{FAE04EC0-301F-11D3-BF4B-00C04F79EFBC}") = "TTTogether", "TTTogether\TTTogether.csproj", "{56556366-3F68-45F0-855D-9B2ADD56F63C}"
EndProject
Project("{FAE04EC0-301F-11D3-BF4B-00C04F79EFBC}") = "TTTogether.Tests", "TTTogether.Tests\TTTogether.Tests.csproj", "{A5026BD3-4656-46DB-923A-0E01EF03647C}"
EndProject
Global
	GlobalSection(SolutionConfigurationPlatforms) = preSolution
		Debug|Any CPU = Debug|Any CPU
		Release|Any CPU = Release|Any CPU
	EndGlobalSection
	GlobalSection(ProjectConfigurationPlatforms) = postSolution
		{56556366-3F68-45F0-855D-9B2ADD56F63C}.Debug|Any CPU.ActiveCfg = Debug|Any CPU
		{56556366-3F68-45F0-855D-9B2ADD56F63C}.Debug|Any CPU.Build.0 = Debug|Any CPU
		{56556366-3F68-45F0-855D-9B2ADD56F63C}.Release|Any CPU.ActiveCfg = Release|Any CPU
		{56556366-3F68-45F0-855D-9B2ADD56F63C}.Release|Any CPU.Build.0 = Release|Any CPU
		{A5026BD3-4656-46DB-923A-0E01EF03647C}.Debug|Any CPU.ActiveCfg = Debug|Any CPU
		{A5026BD3-4656-46DB-923A-0E01EF03647C}.Debug|Any CPU.Build.0 = Debug|Any CPU
		{A5026BD3-4656-46DB-923A-0E01EF03647C}.Release|Any CPU.ActiveCfg = Release|Any CPU
		{A5026BD3-4656-46DB-923A-0E01EF03647C}.Release|Any CPU.Build.0 = Release|Any CPU
	EndGlobalSection
	GlobalSection(SolutionProperties) = preSolution
		HideSolutionNode = FALSE
	EndGlobalSection
EndGlobal
